
Microsoft Visual Studio Solution File, Format Version 12.00
# Visual Studio Version 16
VisualStudioVersion = 16.0.29403.142
MinimumVisualStudioVersion = 10.0.40219.1
Project("{FAE04EC0-301F-11D3-BF4B-00C04F79EFBC}") = "lab 2", "lab 2\lab 2.csproj", "{F3AD6029-CCDD-4E3D-BC5C-898203D2B8B9}"
EndProject
Global
	GlobalSection(SolutionConfigurationPlatforms) = preSolution
		Debug|Any CPU = Debug|Any CPU
		Release|Any CPU = Release|Any CPU
	EndGlobalSection
	GlobalSection(ProjectConfigurationPlatforms) = postSolution
		{F3AD6029-CCDD-4E3D-BC5C-898203D2B8B9}.Debug|Any CPU.ActiveCfg = Debug|Any CPU
		{F3AD6029-CCDD-4E3D-BC5C-898203D2B8B9}.Debug|Any CPU.Build.0 = Debug|Any CPU
		{F3AD6029-CCDD-4E3D-BC5C-898203D2B8B9}.Release|Any CPU.ActiveCfg = Release|Any CPU
		{F3AD6029-CCDD-4E3D-BC5C-898203D2B8B9}.Release|Any CPU.Build.0 = Release|Any CPU
	EndGlobalSection
	GlobalSection(SolutionProperties) = preSolution
		HideSolutionNode = FALSE
	EndGlobalSection
	GlobalSection(ExtensibilityGlobals) = postSolution
		SolutionGuid = {0745E2F1-3A7C-4555-A734-84234436A155}
	EndGlobalSection
EndGlobal
